
Microsoft Visual Studio Solution File, Format Version 12.00
# Visual Studio Version 17
VisualStudioVersion = 17.3.32611.2
MinimumVisualStudioVersion = 10.0.40219.1
Project("{9A19103F-16F7-4668-BE54-9A1E7A4F7556}") = "MetaKing.Domain", "src\MetaKing.Domain\MetaKing.Domain.csproj", "{554AD327-6DBA-4F8F-96F8-81CE7A0C863F}"
EndProject
Project("{9A19103F-16F7-4668-BE54-9A1E7A4F7556}") = "MetaKing.Application", "src\MetaKing.Application\MetaKing.Application.csproj", "{1A94A50E-06DC-43C1-80B5-B662820EC3EB}"
EndProject
Project("{9A19103F-16F7-4668-BE54-9A1E7A4F7556}") = "MetaKing.EntityFrameworkCore", "src\MetaKing.EntityFrameworkCore\MetaKing.EntityFrameworkCore.csproj", "{C956DD76-69C8-4A9C-83EA-D17DF83340FD}"
EndProject
Project("{2150E333-8FDC-42A3-9474-1A3956D46DE8}") = "src", "src", "{CA9AC87F-097E-4F15-8393-4BC07735A5B0}"
EndProject
Project("{2150E333-8FDC-42A3-9474-1A3956D46DE8}") = "test", "test", "{04DBDB01-70F4-4E06-B468-8F87850B22BE}"
EndProject
Project("{9A19103F-16F7-4668-BE54-9A1E7A4F7556}") = "MetaKing.Application.Tests", "test\MetaKing.Application.Tests\MetaKing.Application.Tests.csproj", "{50B2631D-129C-47B3-A587-029CCD6099BC}"
EndProject
Project("{9A19103F-16F7-4668-BE54-9A1E7A4F7556}") = "MetaKing.Domain.Shared", "src\MetaKing.Domain.Shared\MetaKing.Domain.Shared.csproj", "{42F719ED-8413-4895-B5B4-5AB56079BC66}"
EndProject
Project("{9A19103F-16F7-4668-BE54-9A1E7A4F7556}") = "MetaKing.Application.Contracts", "src\MetaKing.Application.Contracts\MetaKing.Application.Contracts.csproj", "{520659C8-C734-4298-A3DA-B539DB9DFC0B}"
EndProject
Project("{9A19103F-16F7-4668-BE54-9A1E7A4F7556}") = "MetaKing.HttpApi", "src\MetaKing.HttpApi\MetaKing.HttpApi.csproj", "{4164BDF7-F527-4E85-9CE6-E3C2D7426A27}"
EndProject
Project("{9A19103F-16F7-4668-BE54-9A1E7A4F7556}") = "MetaKing.HttpApi.Client", "src\MetaKing.HttpApi.Client\MetaKing.HttpApi.Client.csproj", "{3B5A0094-670D-4BB1-BFDD-61B88A8773DC}"
EndProject
Project("{9A19103F-16F7-4668-BE54-9A1E7A4F7556}") = "MetaKing.EntityFrameworkCore.Tests", "test\MetaKing.EntityFrameworkCore.Tests\MetaKing.EntityFrameworkCore.Tests.csproj", "{1FE30EB9-74A9-47F5-A9F6-7B1FAB672D81}"
EndProject
Project("{9A19103F-16F7-4668-BE54-9A1E7A4F7556}") = "MetaKing.TestBase", "test\MetaKing.TestBase\MetaKing.TestBase.csproj", "{91853F21-9CD9-4132-BC29-A7D5D84FFFE7}"
EndProject
Project("{9A19103F-16F7-4668-BE54-9A1E7A4F7556}") = "MetaKing.Domain.Tests", "test\MetaKing.Domain.Tests\MetaKing.Domain.Tests.csproj", "{E512F4D9-9375-480F-A2F6-A46509F9D824}"
EndProject
Project("{9A19103F-16F7-4668-BE54-9A1E7A4F7556}") = "MetaKing.HttpApi.Client.ConsoleTestApp", "test\MetaKing.HttpApi.Client.ConsoleTestApp\MetaKing.HttpApi.Client.ConsoleTestApp.csproj", "{EF480016-9127-4916-8735-D2466BDBC582}"
EndProject
Project("{9A19103F-16F7-4668-BE54-9A1E7A4F7556}") = "MetaKing.DbMigrator", "src\MetaKing.DbMigrator\MetaKing.DbMigrator.csproj", "{70680696-BB1E-4383-BCB2-42C3767171FB}"
EndProject
Project("{2150E333-8FDC-42A3-9474-1A3956D46DE8}") = "Admin", "Admin", "{02EA681E-C7D8-13C7-8484-4AC65E1B71E8}"
EndProject
Project("{FAE04EC0-301F-11D3-BF4B-00C04F79EFBC}") = "MetaKing.Admin.Application", "src\MetaKing.Admin.Application\MetaKing.Admin.Application.csproj", "{AD6A4D78-352D-65E4-B50B-8F2202DF7FB3}"
EndProject
Project("{FAE04EC0-301F-11D3-BF4B-00C04F79EFBC}") = "MetaKing.Admin.Application.Contracts", "src\MetaKing.Admin.Application.Contracts\MetaKing.Admin.Application.Contracts.csproj", "{E37FBD11-9C13-12C2-98CF-E533A90D88FC}"
EndProject
Project("{FAE04EC0-301F-11D3-BF4B-00C04F79EFBC}") = "MetaKing.Admin.HttpApi", "src\MetaKing.Admin.HttpApi\MetaKing.Admin.HttpApi.csproj", "{68238A65-EEA9-5BF7-AA9C-E040630C1CAB}"
EndProject
Project("{FAE04EC0-301F-11D3-BF4B-00C04F79EFBC}") = "MetaKing.Admin.HttpApi.Client", "src\MetaKing.Admin.HttpApi.Client\MetaKing.Admin.HttpApi.Client.csproj", "{B18C13F8-E4F1-9CA0-D085-D5E2D3A38971}"
EndProject
Project("{FAE04EC0-301F-11D3-BF4B-00C04F79EFBC}") = "MetaKing.Admin.HttpApi.Host", "src\MetaKing.Admin.HttpApi.Host\MetaKing.Admin.HttpApi.Host.csproj", "{330BB711-4E68-B435-79C0-6E038BF9740A}"
EndProject
Project("{2150E333-8FDC-42A3-9474-1A3956D46DE8}") = "Admin", "Admin", "{FEBAA35E-0A33-4984-A4B0-CA5A684BABD4}"
EndProject
Project("{FAE04EC0-301F-11D3-BF4B-00C04F79EFBC}") = "MetaKing.Admin.Application.Tests", "test\MetaKing.Admin.Application.Tests\MetaKing.Admin.Application.Tests.csproj", "{923AE6C6-2674-2E0F-8480-96989EC38721}"
EndProject
Project("{FAE04EC0-301F-11D3-BF4B-00C04F79EFBC}") = "MetaKing.Admin.HttpApi.Client.ConsoleTestApp", "test\MetaKing.Admin.HttpApi.Client.ConsoleTestApp\MetaKing.Admin.HttpApi.Client.ConsoleTestApp.csproj", "{636901C8-945A-2CC4-336C-C2756EEA8076}"
EndProject
Project("{2150E333-8FDC-42A3-9474-1A3956D46DE8}") = "Common", "Common", "{FC1D8F99-DD18-4511-B9C5-ACB3FF527984}"
EndProject
Project("{2150E333-8FDC-42A3-9474-1A3956D46DE8}") = "Domain", "Domain", "{1803FA16-8FC9-4285-A545-47FB1CD1E47C}"
EndProject
Project("{2150E333-8FDC-42A3-9474-1A3956D46DE8}") = "Infrastructrue", "Infrastructrue", "{C7D32F7C-523F-4A80-8FC1-C2DC3A8BC441}"
EndProject
Project("{2150E333-8FDC-42A3-9474-1A3956D46DE8}") = "Public", "Public", "{0F8E9A18-5DB6-4726-81BB-F9DC8224A604}"
EndProject
Project("{2150E333-8FDC-42A3-9474-1A3956D46DE8}") = "Public", "Public", "{694B83E8-996F-47F0-BADA-CB9644BD0170}"
EndProject
Project("{2150E333-8FDC-42A3-9474-1A3956D46DE8}") = "Shared", "Shared", "{943D32FD-E691-402A-8697-E7200440C627}"
EndProject
Project("{2150E333-8FDC-42A3-9474-1A3956D46DE8}") = "Auth", "Auth", "{A5A79960-8D69-40FD-A3DF-188C94F3669C}"
EndProject
Project("{FAE04EC0-301F-11D3-BF4B-00C04F79EFBC}") = "MetaKing.AuthServer", "src\MetaKing.AuthServer\MetaKing.AuthServer.csproj", "{22A171CD-90BB-326F-6A48-F517262ABD87}"
EndProject
Project("{FAE04EC0-301F-11D3-BF4B-00C04F79EFBC}") = "MetaKing.Web", "src\MetaKing.Web\MetaKing.Web.csproj", "{1137C990-E175-9770-CF1F-B52F62363C74}"
EndProject
Global
	GlobalSection(SolutionConfigurationPlatforms) = preSolution
		Debug|Any CPU = Debug|Any CPU
		Release|Any CPU = Release|Any CPU
	EndGlobalSection
	GlobalSection(ProjectConfigurationPlatforms) = postSolution
		{554AD327-6DBA-4F8F-96F8-81CE7A0C863F}.Debug|Any CPU.ActiveCfg = Debug|Any CPU
		{554AD327-6DBA-4F8F-96F8-81CE7A0C863F}.Debug|Any CPU.Build.0 = Debug|Any CPU
		{554AD327-6DBA-4F8F-96F8-81CE7A0C863F}.Release|Any CPU.ActiveCfg = Release|Any CPU
		{554AD327-6DBA-4F8F-96F8-81CE7A0C863F}.Release|Any CPU.Build.0 = Release|Any CPU
		{1A94A50E-06DC-43C1-80B5-B662820EC3EB}.Debug|Any CPU.ActiveCfg = Debug|Any CPU
		{1A94A50E-06DC-43C1-80B5-B662820EC3EB}.Debug|Any CPU.Build.0 = Debug|Any CPU
		{1A94A50E-06DC-43C1-80B5-B662820EC3EB}.Release|Any CPU.ActiveCfg = Release|Any CPU
		{1A94A50E-06DC-43C1-80B5-B662820EC3EB}.Release|Any CPU.Build.0 = Release|Any CPU
		{C956DD76-69C8-4A9C-83EA-D17DF83340FD}.Debug|Any CPU.ActiveCfg = Debug|Any CPU
		{C956DD76-69C8-4A9C-83EA-D17DF83340FD}.Debug|Any CPU.Build.0 = Debug|Any CPU
		{C956DD76-69C8-4A9C-83EA-D17DF83340FD}.Release|Any CPU.ActiveCfg = Release|Any CPU
		{C956DD76-69C8-4A9C-83EA-D17DF83340FD}.Release|Any CPU.Build.0 = Release|Any CPU
		{50B2631D-129C-47B3-A587-029CCD6099BC}.Debug|Any CPU.ActiveCfg = Debug|Any CPU
		{50B2631D-129C-47B3-A587-029CCD6099BC}.Debug|Any CPU.Build.0 = Debug|Any CPU
		{50B2631D-129C-47B3-A587-029CCD6099BC}.Release|Any CPU.ActiveCfg = Release|Any CPU
		{50B2631D-129C-47B3-A587-029CCD6099BC}.Release|Any CPU.Build.0 = Release|Any CPU
		{42F719ED-8413-4895-B5B4-5AB56079BC66}.Debug|Any CPU.ActiveCfg = Debug|Any CPU
		{42F719ED-8413-4895-B5B4-5AB56079BC66}.Debug|Any CPU.Build.0 = Debug|Any CPU
		{42F719ED-8413-4895-B5B4-5AB56079BC66}.Release|Any CPU.ActiveCfg = Release|Any CPU
		{42F719ED-8413-4895-B5B4-5AB56079BC66}.Release|Any CPU.Build.0 = Release|Any CPU
		{520659C8-C734-4298-A3DA-B539DB9DFC0B}.Debug|Any CPU.ActiveCfg = Debug|Any CPU
		{520659C8-C734-4298-A3DA-B539DB9DFC0B}.Debug|Any CPU.Build.0 = Debug|Any CPU
		{520659C8-C734-4298-A3DA-B539DB9DFC0B}.Release|Any CPU.ActiveCfg = Release|Any CPU
		{520659C8-C734-4298-A3DA-B539DB9DFC0B}.Release|Any CPU.Build.0 = Release|Any CPU
		{4164BDF7-F527-4E85-9CE6-E3C2D7426A27}.Debug|Any CPU.ActiveCfg = Debug|Any CPU
		{4164BDF7-F527-4E85-9CE6-E3C2D7426A27}.Debug|Any CPU.Build.0 = Debug|Any CPU
		{4164BDF7-F527-4E85-9CE6-E3C2D7426A27}.Release|Any CPU.ActiveCfg = Release|Any CPU
		{4164BDF7-F527-4E85-9CE6-E3C2D7426A27}.Release|Any CPU.Build.0 = Release|Any CPU
		{3B5A0094-670D-4BB1-BFDD-61B88A8773DC}.Debug|Any CPU.ActiveCfg = Debug|Any CPU
		{3B5A0094-670D-4BB1-BFDD-61B88A8773DC}.Debug|Any CPU.Build.0 = Debug|Any CPU
		{3B5A0094-670D-4BB1-BFDD-61B88A8773DC}.Release|Any CPU.ActiveCfg = Release|Any CPU
		{3B5A0094-670D-4BB1-BFDD-61B88A8773DC}.Release|Any CPU.Build.0 = Release|Any CPU
		{1FE30EB9-74A9-47F5-A9F6-7B1FAB672D81}.Debug|Any CPU.ActiveCfg = Debug|Any CPU
		{1FE30EB9-74A9-47F5-A9F6-7B1FAB672D81}.Debug|Any CPU.Build.0 = Debug|Any CPU
		{1FE30EB9-74A9-47F5-A9F6-7B1FAB672D81}.Release|Any CPU.ActiveCfg = Release|Any CPU
		{1FE30EB9-74A9-47F5-A9F6-7B1FAB672D81}.Release|Any CPU.Build.0 = Release|Any CPU
		{91853F21-9CD9-4132-BC29-A7D5D84FFFE7}.Debug|Any CPU.ActiveCfg = Debug|Any CPU
		{91853F21-9CD9-4132-BC29-A7D5D84FFFE7}.Debug|Any CPU.Build.0 = Debug|Any CPU
		{91853F21-9CD9-4132-BC29-A7D5D84FFFE7}.Release|Any CPU.ActiveCfg = Release|Any CPU
		{91853F21-9CD9-4132-BC29-A7D5D84FFFE7}.Release|Any CPU.Build.0 = Release|Any CPU
		{E512F4D9-9375-480F-A2F6-A46509F9D824}.Debug|Any CPU.ActiveCfg = Debug|Any CPU
		{E512F4D9-9375-480F-A2F6-A46509F9D824}.Debug|Any CPU.Build.0 = Debug|Any CPU
		{E512F4D9-9375-480F-A2F6-A46509F9D824}.Release|Any CPU.ActiveCfg = Release|Any CPU
		{E512F4D9-9375-480F-A2F6-A46509F9D824}.Release|Any CPU.Build.0 = Release|Any CPU
		{EF480016-9127-4916-8735-D2466BDBC582}.Debug|Any CPU.ActiveCfg = Debug|Any CPU
		{EF480016-9127-4916-8735-D2466BDBC582}.Debug|Any CPU.Build.0 = Debug|Any CPU
		{EF480016-9127-4916-8735-D2466BDBC582}.Release|Any CPU.ActiveCfg = Release|Any CPU
		{EF480016-9127-4916-8735-D2466BDBC582}.Release|Any CPU.Build.0 = Release|Any CPU
		{70680696-BB1E-4383-BCB2-42C3767171FB}.Debug|Any CPU.ActiveCfg = Debug|Any CPU
		{70680696-BB1E-4383-BCB2-42C3767171FB}.Debug|Any CPU.Build.0 = Debug|Any CPU
		{70680696-BB1E-4383-BCB2-42C3767171FB}.Release|Any CPU.ActiveCfg = Release|Any CPU
		{70680696-BB1E-4383-BCB2-42C3767171FB}.Release|Any CPU.Build.0 = Release|Any CPU
		{AD6A4D78-352D-65E4-B50B-8F2202DF7FB3}.Debug|Any CPU.ActiveCfg = Debug|Any CPU
		{AD6A4D78-352D-65E4-B50B-8F2202DF7FB3}.Debug|Any CPU.Build.0 = Debug|Any CPU
		{AD6A4D78-352D-65E4-B50B-8F2202DF7FB3}.Release|Any CPU.ActiveCfg = Release|Any CPU
		{AD6A4D78-352D-65E4-B50B-8F2202DF7FB3}.Release|Any CPU.Build.0 = Release|Any CPU
		{E37FBD11-9C13-12C2-98CF-E533A90D88FC}.Debug|Any CPU.ActiveCfg = Debug|Any CPU
		{E37FBD11-9C13-12C2-98CF-E533A90D88FC}.Debug|Any CPU.Build.0 = Debug|Any CPU
		{E37FBD11-9C13-12C2-98CF-E533A90D88FC}.Release|Any CPU.ActiveCfg = Release|Any CPU
		{E37FBD11-9C13-12C2-98CF-E533A90D88FC}.Release|Any CPU.Build.0 = Release|Any CPU
		{68238A65-EEA9-5BF7-AA9C-E040630C1CAB}.Debug|Any CPU.ActiveCfg = Debug|Any CPU
		{68238A65-EEA9-5BF7-AA9C-E040630C1CAB}.Debug|Any CPU.Build.0 = Debug|Any CPU
		{68238A65-EEA9-5BF7-AA9C-E040630C1CAB}.Release|Any CPU.ActiveCfg = Release|Any CPU
		{68238A65-EEA9-5BF7-AA9C-E040630C1CAB}.Release|Any CPU.Build.0 = Release|Any CPU
		{B18C13F8-E4F1-9CA0-D085-D5E2D3A38971}.Debug|Any CPU.ActiveCfg = Debug|Any CPU
		{B18C13F8-E4F1-9CA0-D085-D5E2D3A38971}.Debug|Any CPU.Build.0 = Debug|Any CPU
		{B18C13F8-E4F1-9CA0-D085-D5E2D3A38971}.Release|Any CPU.ActiveCfg = Release|Any CPU
		{B18C13F8-E4F1-9CA0-D085-D5E2D3A38971}.Release|Any CPU.Build.0 = Release|Any CPU
		{330BB711-4E68-B435-79C0-6E038BF9740A}.Debug|Any CPU.ActiveCfg = Debug|Any CPU
		{330BB711-4E68-B435-79C0-6E038BF9740A}.Debug|Any CPU.Build.0 = Debug|Any CPU
		{330BB711-4E68-B435-79C0-6E038BF9740A}.Release|Any CPU.ActiveCfg = Release|Any CPU
		{330BB711-4E68-B435-79C0-6E038BF9740A}.Release|Any CPU.Build.0 = Release|Any CPU
		{923AE6C6-2674-2E0F-8480-96989EC38721}.Debug|Any CPU.ActiveCfg = Debug|Any CPU
		{923AE6C6-2674-2E0F-8480-96989EC38721}.Debug|Any CPU.Build.0 = Debug|Any CPU
		{923AE6C6-2674-2E0F-8480-96989EC38721}.Release|Any CPU.ActiveCfg = Release|Any CPU
		{923AE6C6-2674-2E0F-8480-96989EC38721}.Release|Any CPU.Build.0 = Release|Any CPU
		{636901C8-945A-2CC4-336C-C2756EEA8076}.Debug|Any CPU.ActiveCfg = Debug|Any CPU
		{636901C8-945A-2CC4-336C-C2756EEA8076}.Debug|Any CPU.Build.0 = Debug|Any CPU
		{636901C8-945A-2CC4-336C-C2756EEA8076}.Release|Any CPU.ActiveCfg = Release|Any CPU
		{636901C8-945A-2CC4-336C-C2756EEA8076}.Release|Any CPU.Build.0 = Release|Any CPU
		{22A171CD-90BB-326F-6A48-F517262ABD87}.Debug|Any CPU.ActiveCfg = Debug|Any CPU
		{22A171CD-90BB-326F-6A48-F517262ABD87}.Debug|Any CPU.Build.0 = Debug|Any CPU
		{22A171CD-90BB-326F-6A48-F517262ABD87}.Release|Any CPU.ActiveCfg = Release|Any CPU
		{22A171CD-90BB-326F-6A48-F517262ABD87}.Release|Any CPU.Build.0 = Release|Any CPU
		{1137C990-E175-9770-CF1F-B52F62363C74}.Debug|Any CPU.ActiveCfg = Debug|Any CPU
		{1137C990-E175-9770-CF1F-B52F62363C74}.Debug|Any CPU.Build.0 = Debug|Any CPU
		{1137C990-E175-9770-CF1F-B52F62363C74}.Release|Any CPU.ActiveCfg = Release|Any CPU
		{1137C990-E175-9770-CF1F-B52F62363C74}.Release|Any CPU.Build.0 = Release|Any CPU
	EndGlobalSection
	GlobalSection(SolutionProperties) = preSolution
		HideSolutionNode = FALSE
	EndGlobalSection
	GlobalSection(NestedProjects) = preSolution
		{554AD327-6DBA-4F8F-96F8-81CE7A0C863F} = {1803FA16-8FC9-4285-A545-47FB1CD1E47C}
		{1A94A50E-06DC-43C1-80B5-B662820EC3EB} = {0F8E9A18-5DB6-4726-81BB-F9DC8224A604}
		{C956DD76-69C8-4A9C-83EA-D17DF83340FD} = {C7D32F7C-523F-4A80-8FC1-C2DC3A8BC441}
		{50B2631D-129C-47B3-A587-029CCD6099BC} = {694B83E8-996F-47F0-BADA-CB9644BD0170}
		{42F719ED-8413-4895-B5B4-5AB56079BC66} = {1803FA16-8FC9-4285-A545-47FB1CD1E47C}
		{520659C8-C734-4298-A3DA-B539DB9DFC0B} = {0F8E9A18-5DB6-4726-81BB-F9DC8224A604}
		{4164BDF7-F527-4E85-9CE6-E3C2D7426A27} = {0F8E9A18-5DB6-4726-81BB-F9DC8224A604}
		{3B5A0094-670D-4BB1-BFDD-61B88A8773DC} = {0F8E9A18-5DB6-4726-81BB-F9DC8224A604}
		{1FE30EB9-74A9-47F5-A9F6-7B1FAB672D81} = {943D32FD-E691-402A-8697-E7200440C627}
		{91853F21-9CD9-4132-BC29-A7D5D84FFFE7} = {943D32FD-E691-402A-8697-E7200440C627}
		{E512F4D9-9375-480F-A2F6-A46509F9D824} = {943D32FD-E691-402A-8697-E7200440C627}
		{EF480016-9127-4916-8735-D2466BDBC582} = {694B83E8-996F-47F0-BADA-CB9644BD0170}
		{70680696-BB1E-4383-BCB2-42C3767171FB} = {C7D32F7C-523F-4A80-8FC1-C2DC3A8BC441}
		{02EA681E-C7D8-13C7-8484-4AC65E1B71E8} = {CA9AC87F-097E-4F15-8393-4BC07735A5B0}
		{AD6A4D78-352D-65E4-B50B-8F2202DF7FB3} = {02EA681E-C7D8-13C7-8484-4AC65E1B71E8}
		{E37FBD11-9C13-12C2-98CF-E533A90D88FC} = {02EA681E-C7D8-13C7-8484-4AC65E1B71E8}
		{68238A65-EEA9-5BF7-AA9C-E040630C1CAB} = {02EA681E-C7D8-13C7-8484-4AC65E1B71E8}
		{B18C13F8-E4F1-9CA0-D085-D5E2D3A38971} = {02EA681E-C7D8-13C7-8484-4AC65E1B71E8}
		{330BB711-4E68-B435-79C0-6E038BF9740A} = {02EA681E-C7D8-13C7-8484-4AC65E1B71E8}
		{FEBAA35E-0A33-4984-A4B0-CA5A684BABD4} = {04DBDB01-70F4-4E06-B468-8F87850B22BE}
		{923AE6C6-2674-2E0F-8480-96989EC38721} = {FEBAA35E-0A33-4984-A4B0-CA5A684BABD4}
		{636901C8-945A-2CC4-336C-C2756EEA8076} = {FEBAA35E-0A33-4984-A4B0-CA5A684BABD4}
		{FC1D8F99-DD18-4511-B9C5-ACB3FF527984} = {CA9AC87F-097E-4F15-8393-4BC07735A5B0}
		{1803FA16-8FC9-4285-A545-47FB1CD1E47C} = {FC1D8F99-DD18-4511-B9C5-ACB3FF527984}
		{C7D32F7C-523F-4A80-8FC1-C2DC3A8BC441} = {FC1D8F99-DD18-4511-B9C5-ACB3FF527984}
		{0F8E9A18-5DB6-4726-81BB-F9DC8224A604} = {CA9AC87F-097E-4F15-8393-4BC07735A5B0}
		{694B83E8-996F-47F0-BADA-CB9644BD0170} = {04DBDB01-70F4-4E06-B468-8F87850B22BE}
		{943D32FD-E691-402A-8697-E7200440C627} = {04DBDB01-70F4-4E06-B468-8F87850B22BE}
		{A5A79960-8D69-40FD-A3DF-188C94F3669C} = {CA9AC87F-097E-4F15-8393-4BC07735A5B0}
		{22A171CD-90BB-326F-6A48-F517262ABD87} = {A5A79960-8D69-40FD-A3DF-188C94F3669C}
		{1137C990-E175-9770-CF1F-B52F62363C74} = {0F8E9A18-5DB6-4726-81BB-F9DC8224A604}
	EndGlobalSection
	GlobalSection(ExtensibilityGlobals) = postSolution
		SolutionGuid = {28315BFD-90E7-4E14-A2EA-F3D23AF4126F}
	EndGlobalSection
EndGlobal
